
Microsoft Visual Studio Solution File, Format Version 12.00
# Visual Studio Version 16
VisualStudioVersion = 16.0.31019.35
MinimumVisualStudioVersion = 10.0.40219.1
Project("{FAE04EC0-301F-11D3-BF4B-00C04F79EFBC}") = "PowerEFCore", "PowerEFCore.csproj", "{79C9C630-4952-41CF-BEEC-BD98FBA61FE6}"
EndProject
Global
	GlobalSection(SolutionConfigurationPlatforms) = preSolution
		Debug|Any CPU = Debug|Any CPU
		Release|Any CPU = Release|Any CPU
	EndGlobalSection
	GlobalSection(ProjectConfigurationPlatforms) = postSolution
		{79C9C630-4952-41CF-BEEC-BD98FBA61FE6}.Debug|Any CPU.ActiveCfg = Debug|Any CPU
		{79C9C630-4952-41CF-BEEC-BD98FBA61FE6}.Debug|Any CPU.Build.0 = Debug|Any CPU
		{79C9C630-4952-41CF-BEEC-BD98FBA61FE6}.Release|Any CPU.ActiveCfg = Release|Any CPU
		{79C9C630-4952-41CF-BEEC-BD98FBA61FE6}.Release|Any CPU.Build.0 = Release|Any CPU
	EndGlobalSection
	GlobalSection(SolutionProperties) = preSolution
		HideSolutionNode = FALSE
	EndGlobalSection
	GlobalSection(ExtensibilityGlobals) = postSolution
		SolutionGuid = {F3CDD92F-62A6-420F-A423-2DDF8EA1FAAF}
	EndGlobalSection
EndGlobal
